// !$*UTF8*$!
{
	archiveVersion = 1;
	classes = {
	};
	objectVersion = 56;
	objects = {

/* Begin PBXBuildFile section */
		3CC9C5EA2CEDFEF3003432AC /* EventCountdownApp.swift in Sources */ = {isa = PBXBuildFile; fileRef = 3CC9C5E92CEDFEF3003432AC /* EventCountdownApp.swift */; };
		3CC9C5EC2CEDFEF3003432AC /* ContentView.swift in Sources */ = {isa = PBXBuildFile; fileRef = 3CC9C5EB2CEDFEF3003432AC /* ContentView.swift */; };
		3CC9C5EE2CEDFEF5003432AC /* Assets.xcassets in Resources */ = {isa = PBXBuildFile; fileRef = 3CC9C5ED2CEDFEF5003432AC /* Assets.xcassets */; };
		3CC9C5F12CEDFEF5003432AC /* Preview Assets.xcassets in Resources */ = {isa = PBXBuildFile; fileRef = 3CC9C5F02CEDFEF5003432AC /* Preview Assets.xcassets */; };
		3CC9C5FB2CEDFEF5003432AC /* EventCountdownTests.swift in Sources */ = {isa = PBXBuildFile; fileRef = 3CC9C5FA2CEDFEF5003432AC /* EventCountdownTests.swift */; };
		3CC9C6052CEDFEF5003432AC /* EventCountdownUITests.swift in Sources */ = {isa = PBXBuildFile; fileRef = 3CC9C6042CEDFEF5003432AC /* EventCountdownUITests.swift */; };
		3CC9C6072CEDFEF5003432AC /* EventCountdownUITestsLaunchTests.swift in Sources */ = {isa = PBXBuildFile; fileRef = 3CC9C6062CEDFEF5003432AC /* EventCountdownUITestsLaunchTests.swift */; };
		3CC9C6142CEE0156003432AC /* Event.swift in Sources */ = {isa = PBXBuildFile; fileRef = 3CC9C6132CEE0156003432AC /* Event.swift */; };
		3CC9C6162CEE02AD003432AC /* EventRow.swift in Sources */ = {isa = PBXBuildFile; fileRef = 3CC9C6152CEE02AD003432AC /* EventRow.swift */; };
		3CC9C6182CEE044A003432AC /* EventsView.swift in Sources */ = {isa = PBXBuildFile; fileRef = 3CC9C6172CEE044A003432AC /* EventsView.swift */; };
		3CC9C61A2CEE0499003432AC /* EventForm.swift in Sources */ = {isa = PBXBuildFile; fileRef = 3CC9C6192CEE0499003432AC /* EventForm.swift */; };
/* End PBXBuildFile section */

/* Begin PBXContainerItemProxy section */
		3CC9C5F72CEDFEF5003432AC /* PBXContainerItemProxy */ = {
			isa = PBXContainerItemProxy;
			containerPortal = 3CC9C5DE2CEDFEF3003432AC /* Project object */;
			proxyType = 1;
			remoteGlobalIDString = 3CC9C5E52CEDFEF3003432AC;
			remoteInfo = EventCountdown;
		};
		3CC9C6012CEDFEF5003432AC /* PBXContainerItemProxy */ = {
			isa = PBXContainerItemProxy;
			containerPortal = 3CC9C5DE2CEDFEF3003432AC /* Project object */;
			proxyType = 1;
			remoteGlobalIDString = 3CC9C5E52CEDFEF3003432AC;
			remoteInfo = EventCountdown;
		};
/* End PBXContainerItemProxy section */

/* Begin PBXFileReference section */
		3CC9C5E62CEDFEF3003432AC /* EventCountdown.app */ = {isa = PBXFileReference; explicitFileType = wrapper.application; includeInIndex = 0; path = EventCountdown.app; sourceTree = BUILT_PRODUCTS_DIR; };
		3CC9C5E92CEDFEF3003432AC /* EventCountdownApp.swift */ = {isa = PBXFileReference; lastKnownFileType = sourcecode.swift; path = EventCountdownApp.swift; sourceTree = "<group>"; };
		3CC9C5EB2CEDFEF3003432AC /* ContentView.swift */ = {isa = PBXFileReference; lastKnownFileType = sourcecode.swift; path = ContentView.swift; sourceTree = "<group>"; };
		3CC9C5ED2CEDFEF5003432AC /* Assets.xcassets */ = {isa = PBXFileReference; lastKnownFileType = folder.assetcatalog; path = Assets.xcassets; sourceTree = "<group>"; };
		3CC9C5F02CEDFEF5003432AC /* Preview Assets.xcassets */ = {isa = PBXFileReference; lastKnownFileType = folder.assetcatalog; path = "Preview Assets.xcassets"; sourceTree = "<group>"; };
		3CC9C5F62CEDFEF5003432AC /* EventCountdownTests.xctest */ = {isa = PBXFileReference; explicitFileType = wrapper.cfbundle; includeInIndex = 0; path = EventCountdownTests.xctest; sourceTree = BUILT_PRODUCTS_DIR; };
		3CC9C5FA2CEDFEF5003432AC /* EventCountdownTests.swift */ = {isa = PBXFileReference; lastKnownFileType = sourcecode.swift; path = EventCountdownTests.swift; sourceTree = "<group>"; };
		3CC9C6002CEDFEF5003432AC /* EventCountdownUITests.xctest */ = {isa = PBXFileReference; explicitFileType = wrapper.cfbundle; includeInIndex = 0; path = EventCountdownUITests.xctest; sourceTree = BUILT_PRODUCTS_DIR; };
		3CC9C6042CEDFEF5003432AC /* EventCountdownUITests.swift */ = {isa = PBXFileReference; lastKnownFileType = sourcecode.swift; path = EventCountdownUITests.swift; sourceTree = "<group>"; };
		3CC9C6062CEDFEF5003432AC /* EventCountdownUITestsLaunchTests.swift */ = {isa = PBXFileReference; lastKnownFileType = sourcecode.swift; path = EventCountdownUITestsLaunchTests.swift; sourceTree = "<group>"; };
		3CC9C6132CEE0156003432AC /* Event.swift */ = {isa = PBXFileReference; lastKnownFileType = sourcecode.swift; path = Event.swift; sourceTree = "<group>"; };
		3CC9C6152CEE02AD003432AC /* EventRow.swift */ = {isa = PBXFileReference; lastKnownFileType = sourcecode.swift; path = EventRow.swift; sourceTree = "<group>"; };
		3CC9C6172CEE044A003432AC /* EventsView.swift */ = {isa = PBXFileReference; lastKnownFileType = sourcecode.swift; path = EventsView.swift; sourceTree = "<group>"; };
		3CC9C6192CEE0499003432AC /* EventForm.swift */ = {isa = PBXFileReference; lastKnownFileType = sourcecode.swift; path = EventForm.swift; sourceTree = "<group>"; };
/* End PBXFileReference section */

/* Begin PBXFrameworksBuildPhase section */
		3CC9C5E32CEDFEF3003432AC /* Frameworks */ = {
			isa = PBXFrameworksBuildPhase;
			buildActionMask = 2147483647;
			files = (
			);
			runOnlyForDeploymentPostprocessing = 0;
		};
		3CC9C5F32CEDFEF5003432AC /* Frameworks */ = {
			isa = PBXFrameworksBuildPhase;
			buildActionMask = 2147483647;
			files = (
			);
			runOnlyForDeploymentPostprocessing = 0;
		};
		3CC9C5FD2CEDFEF5003432AC /* Frameworks */ = {
			isa = PBXFrameworksBuildPhase;
			buildActionMask = 2147483647;
			files = (
			);
			runOnlyForDeploymentPostprocessing = 0;
		};
/* End PBXFrameworksBuildPhase section */

/* Begin PBXGroup section */
		3CC9C5DD2CEDFEF3003432AC = {
			isa = PBXGroup;
			children = (
				3CC9C5E82CEDFEF3003432AC /* EventCountdown */,
				3CC9C5F92CEDFEF5003432AC /* EventCountdownTests */,
				3CC9C6032CEDFEF5003432AC /* EventCountdownUITests */,
				3CC9C5E72CEDFEF3003432AC /* Products */,
			);
			sourceTree = "<group>";
		};
		3CC9C5E72CEDFEF3003432AC /* Products */ = {
			isa = PBXGroup;
			children = (
				3CC9C5E62CEDFEF3003432AC /* EventCountdown.app */,
				3CC9C5F62CEDFEF5003432AC /* EventCountdownTests.xctest */,
				3CC9C6002CEDFEF5003432AC /* EventCountdownUITests.xctest */,
			);
			name = Products;
			sourceTree = "<group>";
		};
		3CC9C5E82CEDFEF3003432AC /* EventCountdown */ = {
			isa = PBXGroup;
			children = (
				3CC9C5E92CEDFEF3003432AC /* EventCountdownApp.swift */,
				3CC9C5EB2CEDFEF3003432AC /* ContentView.swift */,
				3CC9C6172CEE044A003432AC /* EventsView.swift */,
				3CC9C6192CEE0499003432AC /* EventForm.swift */,
				3CC9C6152CEE02AD003432AC /* EventRow.swift */,
				3CC9C6132CEE0156003432AC /* Event.swift */,
				3CC9C5ED2CEDFEF5003432AC /* Assets.xcassets */,
				3CC9C5EF2CEDFEF5003432AC /* Preview Content */,
			);
			path = EventCountdown;
			sourceTree = "<group>";
		};
		3CC9C5EF2CEDFEF5003432AC /* Preview Content */ = {
			isa = PBXGroup;
			children = (
				3CC9C5F02CEDFEF5003432AC /* Preview Assets.xcassets */,
			);
			path = "Preview Content";
			sourceTree = "<group>";
		};
		3CC9C5F92CEDFEF5003432AC /* EventCountdownTests */ = {
			isa = PBXGroup;
			children = (
				3CC9C5FA2CEDFEF5003432AC /* EventCountdownTests.swift */,
			);
			path = EventCountdownTests;
			sourceTree = "<group>";
		};
		3CC9C6032CEDFEF5003432AC /* EventCountdownUITests */ = {
			isa = PBXGroup;
			children = (
				3CC9C6042CEDFEF5003432AC /* EventCountdownUITests.swift */,
				3CC9C6062CEDFEF5003432AC /* EventCountdownUITestsLaunchTests.swift */,
			);
			path = EventCountdownUITests;
			sourceTree = "<group>";
		};
/* End PBXGroup section */

/* Begin PBXNativeTarget section */
		3CC9C5E52CEDFEF3003432AC /* EventCountdown */ = {
			isa = PBXNativeTarget;
			buildConfigurationList = 3CC9C60A2CEDFEF5003432AC /* Build configuration list for PBXNativeTarget "EventCountdown" */;
			buildPhases = (
				3CC9C5E22CEDFEF3003432AC /* Sources */,
				3CC9C5E32CEDFEF3003432AC /* Frameworks */,
				3CC9C5E42CEDFEF3003432AC /* Resources */,
			);
			buildRules = (
			);
			dependencies = (
			);
			name = EventCountdown;
			productName = EventCountdown;
			productReference = 3CC9C5E62CEDFEF3003432AC /* EventCountdown.app */;
			productType = "com.apple.product-type.application";
		};
		3CC9C5F52CEDFEF5003432AC /* EventCountdownTests */ = {
			isa = PBXNativeTarget;
			buildConfigurationList = 3CC9C60D2CEDFEF5003432AC /* Build configuration list for PBXNativeTarget "EventCountdownTests" */;
			buildPhases = (
				3CC9C5F22CEDFEF5003432AC /* Sources */,
				3CC9C5F32CEDFEF5003432AC /* Frameworks */,
				3CC9C5F42CEDFEF5003432AC /* Resources */,
			);
			buildRules = (
			);
			dependencies = (
				3CC9C5F82CEDFEF5003432AC /* PBXTargetDependency */,
			);
			name = EventCountdownTests;
			productName = EventCountdownTests;
			productReference = 3CC9C5F62CEDFEF5003432AC /* EventCountdownTests.xctest */;
			productType = "com.apple.product-type.bundle.unit-test";
		};
		3CC9C5FF2CEDFEF5003432AC /* EventCountdownUITests */ = {
			isa = PBXNativeTarget;
			buildConfigurationList = 3CC9C6102CEDFEF5003432AC /* Build configuration list for PBXNativeTarget "EventCountdownUITests" */;
			buildPhases = (
				3CC9C5FC2CEDFEF5003432AC /* Sources */,
				3CC9C5FD2CEDFEF5003432AC /* Frameworks */,
				3CC9C5FE2CEDFEF5003432AC /* Resources */,
			);
			buildRules = (
			);
			dependencies = (
				3CC9C6022CEDFEF5003432AC /* PBXTargetDependency */,
			);
			name = EventCountdownUITests;
			productName = EventCountdownUITests;
			productReference = 3CC9C6002CEDFEF5003432AC /* EventCountdownUITests.xctest */;
			productType = "com.apple.product-type.bundle.ui-testing";
		};
/* End PBXNativeTarget section */

/* Begin PBXProject section */
		3CC9C5DE2CEDFEF3003432AC /* Project object */ = {
			isa = PBXProject;
			attributes = {
				BuildIndependentTargetsInParallel = 1;
				LastSwiftUpdateCheck = 1540;
				LastUpgradeCheck = 1540;
				TargetAttributes = {
					3CC9C5E52CEDFEF3003432AC = {
						CreatedOnToolsVersion = 15.4;
					};
					3CC9C5F52CEDFEF5003432AC = {
						CreatedOnToolsVersion = 15.4;
						TestTargetID = 3CC9C5E52CEDFEF3003432AC;
					};
					3CC9C5FF2CEDFEF5003432AC = {
						CreatedOnToolsVersion = 15.4;
						TestTargetID = 3CC9C5E52CEDFEF3003432AC;
					};
				};
			};
			buildConfigurationList = 3CC9C5E12CEDFEF3003432AC /* Build configuration list for PBXProject "EventCountdown" */;
			compatibilityVersion = "Xcode 14.0";
			developmentRegion = en;
			hasScannedForEncodings = 0;
			knownRegions = (
				en,
				Base,
			);
			mainGroup = 3CC9C5DD2CEDFEF3003432AC;
			productRefGroup = 3CC9C5E72CEDFEF3003432AC /* Products */;
			projectDirPath = "";
			projectRoot = "";
			targets = (
				3CC9C5E52CEDFEF3003432AC /* EventCountdown */,
				3CC9C5F52CEDFEF5003432AC /* EventCountdownTests */,
				3CC9C5FF2CEDFEF5003432AC /* EventCountdownUITests */,
			);
		};
/* End PBXProject section */

/* Begin PBXResourcesBuildPhase section */
		3CC9C5E42CEDFEF3003432AC /* Resources */ = {
			isa = PBXResourcesBuildPhase;
			buildActionMask = 2147483647;
			files = (
				3CC9C5F12CEDFEF5003432AC /* Preview Assets.xcassets in Resources */,
				3CC9C5EE2CEDFEF5003432AC /* Assets.xcassets in Resources */,
			);
			runOnlyForDeploymentPostprocessing = 0;
		};
		3CC9C5F42CEDFEF5003432AC /* Resources */ = {
			isa = PBXResourcesBuildPhase;
			buildActionMask = 2147483647;
			files = (
			);
			runOnlyForDeploymentPostprocessing = 0;
		};
		3CC9C5FE2CEDFEF5003432AC /* Resources */ = {
			isa = PBXResourcesBuildPhase;
			buildActionMask = 2147483647;
			files = (
			);
			runOnlyForDeploymentPostprocessing = 0;
		};
/* End PBXResourcesBuildPhase section */

/* Begin PBXSourcesBuildPhase section */
		3CC9C5E22CEDFEF3003432AC /* Sources */ = {
			isa = PBXSourcesBuildPhase;
			buildActionMask = 2147483647;
			files = (
				3CC9C61A2CEE0499003432AC /* EventForm.swift in Sources */,
				3CC9C5EC2CEDFEF3003432AC /* ContentView.swift in Sources */,
				3CC9C6182CEE044A003432AC /* EventsView.swift in Sources */,
				3CC9C6142CEE0156003432AC /* Event.swift in Sources */,
				3CC9C5EA2CEDFEF3003432AC /* EventCountdownApp.swift in Sources */,
				3CC9C6162CEE02AD003432AC /* EventRow.swift in Sources */,
			);
			runOnlyForDeploymentPostprocessing = 0;
		};
		3CC9C5F22CEDFEF5003432AC /* Sources */ = {
			isa = PBXSourcesBuildPhase;
			buildActionMask = 2147483647;
			files = (
				3CC9C5FB2CEDFEF5003432AC /* EventCountdownTests.swift in Sources */,
			);
			runOnlyForDeploymentPostprocessing = 0;
		};
		3CC9C5FC2CEDFEF5003432AC /* Sources */ = {
			isa = PBXSourcesBuildPhase;
			buildActionMask = 2147483647;
			files = (
				3CC9C6052CEDFEF5003432AC /* EventCountdownUITests.swift in Sources */,
				3CC9C6072CEDFEF5003432AC /* EventCountdownUITestsLaunchTests.swift in Sources */,
			);
			runOnlyForDeploymentPostprocessing = 0;
		};
/* End PBXSourcesBuildPhase section */

/* Begin PBXTargetDependency section */
		3CC9C5F82CEDFEF5003432AC /* PBXTargetDependency */ = {
			isa = PBXTargetDependency;
			target = 3CC9C5E52CEDFEF3003432AC /* EventCountdown */;
			targetProxy = 3CC9C5F72CEDFEF5003432AC /* PBXContainerItemProxy */;
		};
		3CC9C6022CEDFEF5003432AC /* PBXTargetDependency */ = {
			isa = PBXTargetDependency;
			target = 3CC9C5E52CEDFEF3003432AC /* EventCountdown */;
			targetProxy = 3CC9C6012CEDFEF5003432AC /* PBXContainerItemProxy */;
		};
/* End PBXTargetDependency section */

/* Begin XCBuildConfiguration section */
		3CC9C6082CEDFEF5003432AC /* Debug */ = {
			isa = XCBuildConfiguration;
			buildSettings = {
				ALWAYS_SEARCH_USER_PATHS = NO;
				ASSETCATALOG_COMPILER_GENERATE_SWIFT_ASSET_SYMBOL_EXTENSIONS = YES;
				CLANG_ANALYZER_NONNULL = YES;
				CLANG_ANALYZER_NUMBER_OBJECT_CONVERSION = YES_AGGRESSIVE;
				CLANG_CXX_LANGUAGE_STANDARD = "gnu++20";
				CLANG_ENABLE_MODULES = YES;
				CLANG_ENABLE_OBJC_ARC = YES;
				CLANG_ENABLE_OBJC_WEAK = YES;
				CLANG_WARN_BLOCK_CAPTURE_AUTORELEASING = YES;
				CLANG_WARN_BOOL_CONVERSION = YES;
				CLANG_WARN_COMMA = YES;
				CLANG_WARN_CONSTANT_CONVERSION = YES;
				CLANG_WARN_DEPRECATED_OBJC_IMPLEMENTATIONS = YES;
				CLANG_WARN_DIRECT_OBJC_ISA_USAGE = YES_ERROR;
				CLANG_WARN_DOCUMENTATION_COMMENTS = YES;
				CLANG_WARN_EMPTY_BODY = YES;
				CLANG_WARN_ENUM_CONVERSION = YES;
				CLANG_WARN_INFINITE_RECURSION = YES;
				CLANG_WARN_INT_CONVERSION = YES;
				CLANG_WARN_NON_LITERAL_NULL_CONVERSION = YES;
				CLANG_WARN_OBJC_IMPLICIT_RETAIN_SELF = YES;
				CLANG_WARN_OBJC_LITERAL_CONVERSION = YES;
				CLANG_WARN_OBJC_ROOT_CLASS = YES_ERROR;
				CLANG_WARN_QUOTED_INCLUDE_IN_FRAMEWORK_HEADER = YES;
				CLANG_WARN_RANGE_LOOP_ANALYSIS = YES;
				CLANG_WARN_STRICT_PROTOTYPES = YES;
				CLANG_WARN_SUSPICIOUS_MOVE = YES;
				CLANG_WARN_UNGUARDED_AVAILABILITY = YES_AGGRESSIVE;
				CLANG_WARN_UNREACHABLE_CODE = YES;
				CLANG_WARN__DUPLICATE_METHOD_MATCH = YES;
				COPY_PHASE_STRIP = NO;
				DEBUG_INFORMATION_FORMAT = dwarf;
				ENABLE_STRICT_OBJC_MSGSEND = YES;
				ENABLE_TESTABILITY = YES;
				ENABLE_USER_SCRIPT_SANDBOXING = YES;
				GCC_C_LANGUAGE_STANDARD = gnu17;
				GCC_DYNAMIC_NO_PIC = NO;
				GCC_NO_COMMON_BLOCKS = YES;
				GCC_OPTIMIZATION_LEVEL = 0;
				GCC_PREPROCESSOR_DEFINITIONS = (
					"DEBUG=1",
					"$(inherited)",
				);
				GCC_WARN_64_TO_32_BIT_CONVERSION = YES;
				GCC_WARN_ABOUT_RETURN_TYPE = YES_ERROR;
				GCC_WARN_UNDECLARED_SELECTOR = YES;
				GCC_WARN_UNINITIALIZED_AUTOS = YES_AGGRESSIVE;
				GCC_WARN_UNUSED_FUNCTION = YES;
				GCC_WARN_UNUSED_VARIABLE = YES;
				IPHONEOS_DEPLOYMENT_TARGET = 17.5;
				LOCALIZATION_PREFERS_STRING_CATALOGS = YES;
				MTL_ENABLE_DEBUG_INFO = INCLUDE_SOURCE;
				MTL_FAST_MATH = YES;
				ONLY_ACTIVE_ARCH = YES;
				SDKROOT = iphoneos;
				SWIFT_ACTIVE_COMPILATION_CONDITIONS = "DEBUG $(inherited)";
				SWIFT_OPTIMIZATION_LEVEL = "-Onone";
			};
			name = Debug;
		};
		3CC9C6092CEDFEF5003432AC /* Release */ = {
			isa = XCBuildConfiguration;
			buildSettings = {
				ALWAYS_SEARCH_USER_PATHS = NO;
				ASSETCATALOG_COMPILER_GENERATE_SWIFT_ASSET_SYMBOL_EXTENSIONS = YES;
				CLANG_ANALYZER_NONNULL = YES;
				CLANG_ANALYZER_NUMBER_OBJECT_CONVERSION = YES_AGGRESSIVE;
				CLANG_CXX_LANGUAGE_STANDARD = "gnu++20";
				CLANG_ENABLE_MODULES = YES;
				CLANG_ENABLE_OBJC_ARC = YES;
				CLANG_ENABLE_OBJC_WEAK = YES;
				CLANG_WARN_BLOCK_CAPTURE_AUTORELEASING = YES;
				CLANG_WARN_BOOL_CONVERSION = YES;
				CLANG_WARN_COMMA = YES;
				CLANG_WARN_CONSTANT_CONVERSION = YES;
				CLANG_WARN_DEPRECATED_OBJC_IMPLEMENTATIONS = YES;
				CLANG_WARN_DIRECT_OBJC_ISA_USAGE = YES_ERROR;
				CLANG_WARN_DOCUMENTATION_COMMENTS = YES;
				CLANG_WARN_EMPTY_BODY = YES;
				CLANG_WARN_ENUM_CONVERSION = YES;
				CLANG_WARN_INFINITE_RECURSION = YES;
				CLANG_WARN_INT_CONVERSION = YES;
				CLANG_WARN_NON_LITERAL_NULL_CONVERSION = YES;
				CLANG_WARN_OBJC_IMPLICIT_RETAIN_SELF = YES;
				CLANG_WARN_OBJC_LITERAL_CONVERSION = YES;
				CLANG_WARN_OBJC_ROOT_CLASS = YES_ERROR;
				CLANG_WARN_QUOTED_INCLUDE_IN_FRAMEWORK_HEADER = YES;
				CLANG_WARN_RANGE_LOOP_ANALYSIS = YES;
				CLANG_WARN_STRICT_PROTOTYPES = YES;
				CLANG_WARN_SUSPICIOUS_MOVE = YES;
				CLANG_WARN_UNGUARDED_AVAILABILITY = YES_AGGRESSIVE;
				CLANG_WARN_UNREACHABLE_CODE = YES;
				CLANG_WARN__DUPLICATE_METHOD_MATCH = YES;
				COPY_PHASE_STRIP = NO;
				DEBUG_INFORMATION_FORMAT = "dwarf-with-dsym";
				ENABLE_NS_ASSERTIONS = NO;
				ENABLE_STRICT_OBJC_MSGSEND = YES;
				ENABLE_USER_SCRIPT_SANDBOXING = YES;
				GCC_C_LANGUAGE_STANDARD = gnu17;
				GCC_NO_COMMON_BLOCKS = YES;
				GCC_WARN_64_TO_32_BIT_CONVERSION = YES;
				GCC_WARN_ABOUT_RETURN_TYPE = YES_ERROR;
				GCC_WARN_UNDECLARED_SELECTOR = YES;
				GCC_WARN_UNINITIALIZED_AUTOS = YES_AGGRESSIVE;
				GCC_WARN_UNUSED_FUNCTION = YES;
				GCC_WARN_UNUSED_VARIABLE = YES;
				IPHONEOS_DEPLOYMENT_TARGET = 17.5;
				LOCALIZATION_PREFERS_STRING_CATALOGS = YES;
				MTL_ENABLE_DEBUG_INFO = NO;
				MTL_FAST_MATH = YES;
				SDKROOT = iphoneos;
				SWIFT_COMPILATION_MODE = wholemodule;
				VALIDATE_PRODUCT = YES;
			};
			name = Release;
		};
		3CC9C60B2CEDFEF5003432AC /* Debug */ = {
			isa = XCBuildConfiguration;
			buildSettings = {
				ASSETCATALOG_COMPILER_APPICON_NAME = AppIcon;
				ASSETCATALOG_COMPILER_GLOBAL_ACCENT_COLOR_NAME = AccentColor;
				CODE_SIGN_STYLE = Automatic;
				CURRENT_PROJECT_VERSION = 1;
				DEVELOPMENT_ASSET_PATHS = "\"EventCountdown/Preview Content\"";
				DEVELOPMENT_TEAM = 6VQ9H973C9;
				ENABLE_PREVIEWS = YES;
				GENERATE_INFOPLIST_FILE = YES;
				INFOPLIST_KEY_UIApplicationSceneManifest_Generation = YES;
				INFOPLIST_KEY_UIApplicationSupportsIndirectInputEvents = YES;
				INFOPLIST_KEY_UILaunchScreen_Generation = YES;
				INFOPLIST_KEY_UISupportedInterfaceOrientations_iPad = "UIInterfaceOrientationPortrait UIInterfaceOrientationPortraitUpsideDown UIInterfaceOrientationLandscapeLeft UIInterfaceOrientationLandscapeRight";
				INFOPLIST_KEY_UISupportedInterfaceOrientations_iPhone = "UIInterfaceOrientationPortrait UIInterfaceOrientationLandscapeLeft UIInterfaceOrientationLandscapeRight";
				LD_RUNPATH_SEARCH_PATHS = (
					"$(inherited)",
					"@executable_path/Frameworks",
				);
				MARKETING_VERSION = 1.0;
				PRODUCT_BUNDLE_IDENTIFIER = com.Gr33nEight.EventCountdown;
				PRODUCT_NAME = "$(TARGET_NAME)";
				SWIFT_EMIT_LOC_STRINGS = YES;
				SWIFT_VERSION = 5.0;
				TARGETED_DEVICE_FAMILY = "1,2";
			};
			name = Debug;
		};
		3CC9C60C2CEDFEF5003432AC /* Release */ = {
			isa = XCBuildConfiguration;
			buildSettings = {
				ASSETCATALOG_COMPILER_APPICON_NAME = AppIcon;
				ASSETCATALOG_COMPILER_GLOBAL_ACCENT_COLOR_NAME = AccentColor;
				CODE_SIGN_STYLE = Automatic;
				CURRENT_PROJECT_VERSION = 1;
				DEVELOPMENT_ASSET_PATHS = "\"EventCountdown/Preview Content\"";
				DEVELOPMENT_TEAM = 6VQ9H973C9;
				ENABLE_PREVIEWS = YES;
				GENERATE_INFOPLIST_FILE = YES;
				INFOPLIST_KEY_UIApplicationSceneManifest_Generation = YES;
				INFOPLIST_KEY_UIApplicationSupportsIndirectInputEvents = YES;
				INFOPLIST_KEY_UILaunchScreen_Generation = YES;
				INFOPLIST_KEY_UISupportedInterfaceOrientations_iPad = "UIInterfaceOrientationPortrait UIInterfaceOrientationPortraitUpsideDown UIInterfaceOrientationLandscapeLeft UIInterfaceOrientationLandscapeRight";
				INFOPLIST_KEY_UISupportedInterfaceOrientations_iPhone = "UIInterfaceOrientationPortrait UIInterfaceOrientationLandscapeLeft UIInterfaceOrientationLandscapeRight";
				LD_RUNPATH_SEARCH_PATHS = (
					"$(inherited)",
					"@executable_path/Frameworks",
				);
				MARKETING_VERSION = 1.0;
				PRODUCT_BUNDLE_IDENTIFIER = com.Gr33nEight.EventCountdown;
				PRODUCT_NAME = "$(TARGET_NAME)";
				SWIFT_EMIT_LOC_STRINGS = YES;
				SWIFT_VERSION = 5.0;
				TARGETED_DEVICE_FAMILY = "1,2";
			};
			name = Release;
		};
		3CC9C60E2CEDFEF5003432AC /* Debug */ = {
			isa = XCBuildConfiguration;
			buildSettings = {
				ALWAYS_EMBED_SWIFT_STANDARD_LIBRARIES = YES;
				BUNDLE_LOADER = "$(TEST_HOST)";
				CODE_SIGN_STYLE = Automatic;
				CURRENT_PROJECT_VERSION = 1;
				DEVELOPMENT_TEAM = 6VQ9H973C9;
				GENERATE_INFOPLIST_FILE = YES;
				IPHONEOS_DEPLOYMENT_TARGET = 17.5;
				MARKETING_VERSION = 1.0;
				PRODUCT_BUNDLE_IDENTIFIER = com.Gr33nEight.EventCountdownTests;
				PRODUCT_NAME = "$(TARGET_NAME)";
				SWIFT_EMIT_LOC_STRINGS = NO;
				SWIFT_VERSION = 5.0;
				TARGETED_DEVICE_FAMILY = "1,2";
				TEST_HOST = "$(BUILT_PRODUCTS_DIR)/EventCountdown.app/$(BUNDLE_EXECUTABLE_FOLDER_PATH)/EventCountdown";
			};
			name = Debug;
		};
		3CC9C60F2CEDFEF5003432AC /* Release */ = {
			isa = XCBuildConfiguration;
			buildSettings = {
				ALWAYS_EMBED_SWIFT_STANDARD_LIBRARIES = YES;
				BUNDLE_LOADER = "$(TEST_HOST)";
				CODE_SIGN_STYLE = Automatic;
				CURRENT_PROJECT_VERSION = 1;
				DEVELOPMENT_TEAM = 6VQ9H973C9;
				GENERATE_INFOPLIST_FILE = YES;
				IPHONEOS_DEPLOYMENT_TARGET = 17.5;
				MARKETING_VERSION = 1.0;
				PRODUCT_BUNDLE_IDENTIFIER = com.Gr33nEight.EventCountdownTests;
				PRODUCT_NAME = "$(TARGET_NAME)";
				SWIFT_EMIT_LOC_STRINGS = NO;
				SWIFT_VERSION = 5.0;
				TARGETED_DEVICE_FAMILY = "1,2";
				TEST_HOST = "$(BUILT_PRODUCTS_DIR)/EventCountdown.app/$(BUNDLE_EXECUTABLE_FOLDER_PATH)/EventCountdown";
			};
			name = Release;
		};
		3CC9C6112CEDFEF5003432AC /* Debug */ = {
			isa = XCBuildConfiguration;
			buildSettings = {
				ALWAYS_EMBED_SWIFT_STANDARD_LIBRARIES = YES;
				CODE_SIGN_STYLE = Automatic;
				CURRENT_PROJECT_VERSION = 1;
				DEVELOPMENT_TEAM = 6VQ9H973C9;
				GENERATE_INFOPLIST_FILE = YES;
				MARKETING_VERSION = 1.0;
				PRODUCT_BUNDLE_IDENTIFIER = com.Gr33nEight.EventCountdownUITests;
				PRODUCT_NAME = "$(TARGET_NAME)";
				SWIFT_EMIT_LOC_STRINGS = NO;
				SWIFT_VERSION = 5.0;
				TARGETED_DEVICE_FAMILY = "1,2";
				TEST_TARGET_NAME = EventCountdown;
			};
			name = Debug;
		};
		3CC9C6122CEDFEF5003432AC /* Release */ = {
			isa = XCBuildConfiguration;
			buildSettings = {
				ALWAYS_EMBED_SWIFT_STANDARD_LIBRARIES = YES;
				CODE_SIGN_STYLE = Automatic;
				CURRENT_PROJECT_VERSION = 1;
				DEVELOPMENT_TEAM = 6VQ9H973C9;
				GENERATE_INFOPLIST_FILE = YES;
				MARKETING_VERSION = 1.0;
				PRODUCT_BUNDLE_IDENTIFIER = com.Gr33nEight.EventCountdownUITests;
				PRODUCT_NAME = "$(TARGET_NAME)";
				SWIFT_EMIT_LOC_STRINGS = NO;
				SWIFT_VERSION = 5.0;
				TARGETED_DEVICE_FAMILY = "1,2";
				TEST_TARGET_NAME = EventCountdown;
			};
			name = Release;
		};
/* End XCBuildConfiguration section */

/* Begin XCConfigurationList section */
		3CC9C5E12CEDFEF3003432AC /* Build configuration list for PBXProject "EventCountdown" */ = {
			isa = XCConfigurationList;
			buildConfigurations = (
				3CC9C6082CEDFEF5003432AC /* Debug */,
				3CC9C6092CEDFEF5003432AC /* Release */,
			);
			defaultConfigurationIsVisible = 0;
			defaultConfigurationName = Release;
		};
		3CC9C60A2CEDFEF5003432AC /* Build configuration list for PBXNativeTarget "EventCountdown" */ = {
			isa = XCConfigurationList;
			buildConfigurations = (
				3CC9C60B2CEDFEF5003432AC /* Debug */,
				3CC9C60C2CEDFEF5003432AC /* Release */,
			);
			defaultConfigurationIsVisible = 0;
			defaultConfigurationName = Release;
		};
		3CC9C60D2CEDFEF5003432AC /* Build configuration list for PBXNativeTarget "EventCountdownTests" */ = {
			isa = XCConfigurationList;
			buildConfigurations = (
				3CC9C60E2CEDFEF5003432AC /* Debug */,
				3CC9C60F2CEDFEF5003432AC /* Release */,
			);
			defaultConfigurationIsVisible = 0;
			defaultConfigurationName = Release;
		};
		3CC9C6102CEDFEF5003432AC /* Build configuration list for PBXNativeTarget "EventCountdownUITests" */ = {
			isa = XCConfigurationList;
			buildConfigurations = (
				3CC9C6112CEDFEF5003432AC /* Debug */,
				3CC9C6122CEDFEF5003432AC /* Release */,
			);
			defaultConfigurationIsVisible = 0;
			defaultConfigurationName = Release;
		};
/* End XCConfigurationList section */
	};
	rootObject = 3CC9C5DE2CEDFEF3003432AC /* Project object */;
}
